
Microsoft Visual Studio Solution File, Format Version 12.00
# Visual Studio Version 16
VisualStudioVersion = 16.0.29920.165
MinimumVisualStudioVersion = 10.0.40219.1
Project("{FAE04EC0-301F-11D3-BF4B-00C04F79EFBC}") = "FakeDefender-Client", "FakeDefender-Client.csproj", "{3181926C-5B4F-4095-B812-DBC6A969ED21}"
EndProject
Global
	GlobalSection(SolutionConfigurationPlatforms) = preSolution
		Debug|Any CPU = Debug|Any CPU
		Release|Any CPU = Release|Any CPU
	EndGlobalSection
	GlobalSection(ProjectConfigurationPlatforms) = postSolution
		{3181926C-5B4F-4095-B812-DBC6A969ED21}.Debug|Any CPU.ActiveCfg = Debug|Any CPU
		{3181926C-5B4F-4095-B812-DBC6A969ED21}.Debug|Any CPU.Build.0 = Debug|Any CPU
		{3181926C-5B4F-4095-B812-DBC6A969ED21}.Release|Any CPU.ActiveCfg = Release|Any CPU
		{3181926C-5B4F-4095-B812-DBC6A969ED21}.Release|Any CPU.Build.0 = Release|Any CPU
	EndGlobalSection
	GlobalSection(SolutionProperties) = preSolution
		HideSolutionNode = FALSE
	EndGlobalSection
	GlobalSection(ExtensibilityGlobals) = postSolution
		SolutionGuid = {C5AB83F8-EDE5-48B1-9C17-96E138F05952}
	EndGlobalSection
EndGlobal
